
Microsoft Visual Studio Solution File, Format Version 12.00
# Visual Studio Version 17
VisualStudioVersion = 17.11.35327.3
MinimumVisualStudioVersion = 10.0.40219.1
Project("{9A19103F-16F7-4668-BE54-9A1E7A4F7556}") = "IMS", "IMS\IMS.csproj", "{1D0C40AB-CEF1-41BC-925C-D580498AB4D7}"
EndProject
Project("{9A19103F-16F7-4668-BE54-9A1E7A4F7556}") = "IMSClassLibrary", "IMSClassLibrary\IMSClassLibrary.csproj", "{F9523652-C069-4EF7-9880-07A014319421}"
EndProject
Global
	GlobalSection(SolutionConfigurationPlatforms) = preSolution
		Debug|Any CPU = Debug|Any CPU
		Release|Any CPU = Release|Any CPU
	EndGlobalSection
	GlobalSection(ProjectConfigurationPlatforms) = postSolution
		{1D0C40AB-CEF1-41BC-925C-D580498AB4D7}.Debug|Any CPU.ActiveCfg = Debug|Any CPU
		{1D0C40AB-CEF1-41BC-925C-D580498AB4D7}.Debug|Any CPU.Build.0 = Debug|Any CPU
		{1D0C40AB-CEF1-41BC-925C-D580498AB4D7}.Release|Any CPU.ActiveCfg = Release|Any CPU
		{1D0C40AB-CEF1-41BC-925C-D580498AB4D7}.Release|Any CPU.Build.0 = Release|Any CPU
		{F9523652-C069-4EF7-9880-07A014319421}.Debug|Any CPU.ActiveCfg = Debug|Any CPU
		{F9523652-C069-4EF7-9880-07A014319421}.Debug|Any CPU.Build.0 = Debug|Any CPU
		{F9523652-C069-4EF7-9880-07A014319421}.Release|Any CPU.ActiveCfg = Release|Any CPU
		{F9523652-C069-4EF7-9880-07A014319421}.Release|Any CPU.Build.0 = Release|Any CPU
	EndGlobalSection
	GlobalSection(SolutionProperties) = preSolution
		HideSolutionNode = FALSE
	EndGlobalSection
	GlobalSection(ExtensibilityGlobals) = postSolution
		SolutionGuid = {4AB940A3-0100-43A8-AD3E-A914982188D5}
	EndGlobalSection
EndGlobal
